
Microsoft Visual Studio Solution File, Format Version 12.00
# Visual Studio Version 17
VisualStudioVersion = 17.5.002.0
MinimumVisualStudioVersion = 10.0.40219.1
Project("{9A19103F-16F7-4668-BE54-9A1E7A4F7556}") = "showroom", "showroom.csproj", "{3892F7E9-0D67-4929-A434-1294C75ED36C}"
EndProject
Global
	GlobalSection(SolutionConfigurationPlatforms) = preSolution
		Debug|Any CPU = Debug|Any CPU
		Release|Any CPU = Release|Any CPU
	EndGlobalSection
	GlobalSection(ProjectConfigurationPlatforms) = postSolution
		{3892F7E9-0D67-4929-A434-1294C75ED36C}.Debug|Any CPU.ActiveCfg = Debug|Any CPU
		{3892F7E9-0D67-4929-A434-1294C75ED36C}.Debug|Any CPU.Build.0 = Debug|Any CPU
		{3892F7E9-0D67-4929-A434-1294C75ED36C}.Release|Any CPU.ActiveCfg = Release|Any CPU
		{3892F7E9-0D67-4929-A434-1294C75ED36C}.Release|Any CPU.Build.0 = Release|Any CPU
	EndGlobalSection
	GlobalSection(SolutionProperties) = preSolution
		HideSolutionNode = FALSE
	EndGlobalSection
	GlobalSection(ExtensibilityGlobals) = postSolution
		SolutionGuid = {00EA595A-7A80-4CBD-8669-676B12FAEED4}
	EndGlobalSection
EndGlobal
